
Microsoft Visual Studio Solution File, Format Version 12.00
Project("{FAE04EC0-301F-11D3-BF4B-00C04F79EFBC}") = "docker-dotnet-three-js", "docker-dotnet-three-js\docker-dotnet-three-js.csproj", "{0704098D-C97E-47DA-91DC-630DF0E93998}"
EndProject
Global
	GlobalSection(SolutionConfigurationPlatforms) = preSolution
		Debug|Any CPU = Debug|Any CPU
		Release|Any CPU = Release|Any CPU
	EndGlobalSection
	GlobalSection(ProjectConfigurationPlatforms) = postSolution
		{0704098D-C97E-47DA-91DC-630DF0E93998}.Debug|Any CPU.ActiveCfg = Debug|Any CPU
		{0704098D-C97E-47DA-91DC-630DF0E93998}.Debug|Any CPU.Build.0 = Debug|Any CPU
		{0704098D-C97E-47DA-91DC-630DF0E93998}.Release|Any CPU.ActiveCfg = Release|Any CPU
		{0704098D-C97E-47DA-91DC-630DF0E93998}.Release|Any CPU.Build.0 = Release|Any CPU
	EndGlobalSection
EndGlobal
